// !$*UTF8*$!
{
	archiveVersion = 1;
	classes = {
	};
	objectVersion = 77;
	objects = {

/* Begin PBXContainerItemProxy section */
		74C6346B2E45C15A004E56BF /* PBXContainerItemProxy */ = {
			isa = PBXContainerItemProxy;
			containerPortal = 74C6344B2E45C157004E56BF /* Project object */;
			proxyType = 1;
			remoteGlobalIDString = 74C634522E45C158004E56BF;
			remoteInfo = Tidepool;
		};
		74C634752E45C15A004E56BF /* PBXContainerItemProxy */ = {
			isa = PBXContainerItemProxy;
			containerPortal = 74C6344B2E45C157004E56BF /* Project object */;
			proxyType = 1;
			remoteGlobalIDString = 74C634522E45C158004E56BF;
			remoteInfo = Tidepool;
		};
/* End PBXContainerItemProxy section */

/* Begin PBXFileReference section */
		74C634532E45C158004E56BF /* Tidepool.app */ = {isa = PBXFileReference; explicitFileType = wrapper.application; includeInIndex = 0; path = Tidepool.app; sourceTree = BUILT_PRODUCTS_DIR; };
		74C6346A2E45C15A004E56BF /* TidepoolTests.xctest */ = {isa = PBXFileReference; explicitFileType = wrapper.cfbundle; includeInIndex = 0; path = TidepoolTests.xctest; sourceTree = BUILT_PRODUCTS_DIR; };
		74C634742E45C15A004E56BF /* TidepoolUITests.xctest */ = {isa = PBXFileReference; explicitFileType = wrapper.cfbundle; includeInIndex = 0; path = TidepoolUITests.xctest; sourceTree = BUILT_PRODUCTS_DIR; };
/* End PBXFileReference section */

/* Begin PBXFileSystemSynchronizedBuildFileExceptionSet section */
		74C6347C2E45C15A004E56BF /* Exceptions for "Tidepool" folder in "Tidepool" target */ = {
			isa = PBXFileSystemSynchronizedBuildFileExceptionSet;
			membershipExceptions = (
				Info.plist,
			);
			target = 74C634522E45C158004E56BF /* Tidepool */;
		};
/* End PBXFileSystemSynchronizedBuildFileExceptionSet section */

/* Begin PBXFileSystemSynchronizedRootGroup section */
		74C634552E45C158004E56BF /* Tidepool */ = {
			isa = PBXFileSystemSynchronizedRootGroup;
			exceptions = (
				74C6347C2E45C15A004E56BF /* Exceptions for "Tidepool" folder in "Tidepool" target */,
			);
			path = Tidepool;
			sourceTree = "<group>";
		};
		74C6346D2E45C15A004E56BF /* TidepoolTests */ = {
			isa = PBXFileSystemSynchronizedRootGroup;
			path = TidepoolTests;
			sourceTree = "<group>";
		};
		74C634772E45C15A004E56BF /* TidepoolUITests */ = {
			isa = PBXFileSystemSynchronizedRootGroup;
			path = TidepoolUITests;
			sourceTree = "<group>";
		};
/* End PBXFileSystemSynchronizedRootGroup section */

/* Begin PBXFrameworksBuildPhase section */
		74C634502E45C158004E56BF /* Frameworks */ = {
			isa = PBXFrameworksBuildPhase;
			buildActionMask = 2147483647;
			files = (
			);
			runOnlyForDeploymentPostprocessing = 0;
		};
		74C634672E45C15A004E56BF /* Frameworks */ = {
			isa = PBXFrameworksBuildPhase;
			buildActionMask = 2147483647;
			files = (
			);
			runOnlyForDeploymentPostprocessing = 0;
		};
		74C634712E45C15A004E56BF /* Frameworks */ = {
			isa = PBXFrameworksBuildPhase;
			buildActionMask = 2147483647;
			files = (
			);
			runOnlyForDeploymentPostprocessing = 0;
		};
/* End PBXFrameworksBuildPhase section */

/* Begin PBXGroup section */
		74C6344A2E45C157004E56BF = {
			isa = PBXGroup;
			children = (
				74C634552E45C158004E56BF /* Tidepool */,
				74C6346D2E45C15A004E56BF /* TidepoolTests */,
				74C634772E45C15A004E56BF /* TidepoolUITests */,
				74C634542E45C158004E56BF /* Products */,
			);
			sourceTree = "<group>";
		};
		74C634542E45C158004E56BF /* Products */ = {
			isa = PBXGroup;
			children = (
				74C634532E45C158004E56BF /* Tidepool.app */,
				74C6346A2E45C15A004E56BF /* TidepoolTests.xctest */,
				74C634742E45C15A004E56BF /* TidepoolUITests.xctest */,
			);
			name = Products;
			sourceTree = "<group>";
		};
/* End PBXGroup section */

/* Begin PBXNativeTarget section */
		74C634522E45C158004E56BF /* Tidepool */ = {
			isa = PBXNativeTarget;
			buildConfigurationList = 74C6347D2E45C15A004E56BF /* Build configuration list for PBXNativeTarget "Tidepool" */;
			buildPhases = (
				74C6344F2E45C158004E56BF /* Sources */,
				74C634502E45C158004E56BF /* Frameworks */,
				74C634512E45C158004E56BF /* Resources */,
			);
			buildRules = (
			);
			dependencies = (
			);
			fileSystemSynchronizedGroups = (
				74C634552E45C158004E56BF /* Tidepool */,
			);
			name = Tidepool;
			packageProductDependencies = (
			);
			productName = Tidepool;
			productReference = 74C634532E45C158004E56BF /* Tidepool.app */;
			productType = "com.apple.product-type.application";
		};
		74C634692E45C15A004E56BF /* TidepoolTests */ = {
			isa = PBXNativeTarget;
			buildConfigurationList = 74C634822E45C15A004E56BF /* Build configuration list for PBXNativeTarget "TidepoolTests" */;
			buildPhases = (
				74C634662E45C15A004E56BF /* Sources */,
				74C634672E45C15A004E56BF /* Frameworks */,
				74C634682E45C15A004E56BF /* Resources */,
			);
			buildRules = (
			);
			dependencies = (
				74C6346C2E45C15A004E56BF /* PBXTargetDependency */,
			);
			fileSystemSynchronizedGroups = (
				74C6346D2E45C15A004E56BF /* TidepoolTests */,
			);
			name = TidepoolTests;
			packageProductDependencies = (
			);
			productName = TidepoolTests;
			productReference = 74C6346A2E45C15A004E56BF /* TidepoolTests.xctest */;
			productType = "com.apple.product-type.bundle.unit-test";
		};
		74C634732E45C15A004E56BF /* TidepoolUITests */ = {
			isa = PBXNativeTarget;
			buildConfigurationList = 74C634852E45C15A004E56BF /* Build configuration list for PBXNativeTarget "TidepoolUITests" */;
			buildPhases = (
				74C634702E45C15A004E56BF /* Sources */,
				74C634712E45C15A004E56BF /* Frameworks */,
				74C634722E45C15A004E56BF /* Resources */,
			);
			buildRules = (
			);
			dependencies = (
				74C634762E45C15A004E56BF /* PBXTargetDependency */,
			);
			fileSystemSynchronizedGroups = (
				74C634772E45C15A004E56BF /* TidepoolUITests */,
			);
			name = TidepoolUITests;
			packageProductDependencies = (
			);
			productName = TidepoolUITests;
			productReference = 74C634742E45C15A004E56BF /* TidepoolUITests.xctest */;
			productType = "com.apple.product-type.bundle.ui-testing";
		};
/* End PBXNativeTarget section */

/* Begin PBXProject section */
		74C6344B2E45C157004E56BF /* Project object */ = {
			isa = PBXProject;
			attributes = {
				BuildIndependentTargetsInParallel = 1;
				LastSwiftUpdateCheck = 1620;
				LastUpgradeCheck = 1620;
				TargetAttributes = {
					74C634522E45C158004E56BF = {
						CreatedOnToolsVersion = 16.2;
					};
					74C634692E45C15A004E56BF = {
						CreatedOnToolsVersion = 16.2;
						TestTargetID = 74C634522E45C158004E56BF;
					};
					74C634732E45C15A004E56BF = {
						CreatedOnToolsVersion = 16.2;
						TestTargetID = 74C634522E45C158004E56BF;
					};
				};
			};
			buildConfigurationList = 74C6344E2E45C157004E56BF /* Build configuration list for PBXProject "Tidepool" */;
			developmentRegion = en;
			hasScannedForEncodings = 0;
			knownRegions = (
				en,
				Base,
			);
			mainGroup = 74C6344A2E45C157004E56BF;
			minimizedProjectReferenceProxies = 1;
			preferredProjectObjectVersion = 77;
			productRefGroup = 74C634542E45C158004E56BF /* Products */;
			projectDirPath = "";
			projectRoot = "";
			targets = (
				74C634522E45C158004E56BF /* Tidepool */,
				74C634692E45C15A004E56BF /* TidepoolTests */,
				74C634732E45C15A004E56BF /* TidepoolUITests */,
			);
		};
/* End PBXProject section */

/* Begin PBXResourcesBuildPhase section */
		74C634512E45C158004E56BF /* Resources */ = {
			isa = PBXResourcesBuildPhase;
			buildActionMask = 2147483647;
			files = (
			);
			runOnlyForDeploymentPostprocessing = 0;
		};
		74C634682E45C15A004E56BF /* Resources */ = {
			isa = PBXResourcesBuildPhase;
			buildActionMask = 2147483647;
			files = (
			);
			runOnlyForDeploymentPostprocessing = 0;
		};
		74C634722E45C15A004E56BF /* Resources */ = {
			isa = PBXResourcesBuildPhase;
			buildActionMask = 2147483647;
			files = (
			);
			runOnlyForDeploymentPostprocessing = 0;
		};
/* End PBXResourcesBuildPhase section */

/* Begin PBXSourcesBuildPhase section */
		74C6344F2E45C158004E56BF /* Sources */ = {
			isa = PBXSourcesBuildPhase;
			buildActionMask = 2147483647;
			files = (
			);
			runOnlyForDeploymentPostprocessing = 0;
		};
		74C634662E45C15A004E56BF /* Sources */ = {
			isa = PBXSourcesBuildPhase;
			buildActionMask = 2147483647;
			files = (
			);
			runOnlyForDeploymentPostprocessing = 0;
		};
		74C634702E45C15A004E56BF /* Sources */ = {
			isa = PBXSourcesBuildPhase;
			buildActionMask = 2147483647;
			files = (
			);
			runOnlyForDeploymentPostprocessing = 0;
		};
/* End PBXSourcesBuildPhase section */

/* Begin PBXTargetDependency section */
		74C6346C2E45C15A004E56BF /* PBXTargetDependency */ = {
			isa = PBXTargetDependency;
			target = 74C634522E45C158004E56BF /* Tidepool */;
			targetProxy = 74C6346B2E45C15A004E56BF /* PBXContainerItemProxy */;
		};
		74C634762E45C15A004E56BF /* PBXTargetDependency */ = {
			isa = PBXTargetDependency;
			target = 74C634522E45C158004E56BF /* Tidepool */;
			targetProxy = 74C634752E45C15A004E56BF /* PBXContainerItemProxy */;
		};
/* End PBXTargetDependency section */

/* Begin XCBuildConfiguration section */
		74C6347E2E45C15A004E56BF /* Debug */ = {
			isa = XCBuildConfiguration;
			buildSettings = {
				ASSETCATALOG_COMPILER_APPICON_NAME = AppIcon;
				ASSETCATALOG_COMPILER_GLOBAL_ACCENT_COLOR_NAME = AccentColor;
				CODE_SIGN_ENTITLEMENTS = Tidepool/Tidepool.entitlements;
				CODE_SIGN_IDENTITY = "Apple Development";
				CODE_SIGN_STYLE = Automatic;
				CURRENT_PROJECT_VERSION = 1;
				DEVELOPMENT_ASSET_PATHS = "\"Tidepool/Preview Content\"";
				DEVELOPMENT_TEAM = 2983W8XW5S;
				ENABLE_PREVIEWS = YES;
				GENERATE_INFOPLIST_FILE = YES;
				INFOPLIST_FILE = Tidepool/Info.plist;
				INFOPLIST_KEY_NSAppleMusicUsageDescription = "";
				INFOPLIST_KEY_NSLocationAlwaysAndWhenInUseUsageDescription = "Tidepool uses location in the background to update presence and heatmaps when you opt in. We never share your precise location.";
				INFOPLIST_KEY_NSLocationWhenInUseUsageDescription = "Tidepool uses your location to show your own approximate presence ring, render nearby interest heatmaps, and help you discover places that match your interests. We never share your precise location.";
				INFOPLIST_KEY_NSPhotoLibraryAddUsageDescription = "Tidepool may save images only for features you explicitly use (like exports). No photos are uploaded without your consent.";
				INFOPLIST_KEY_NSPhotoLibraryUsageDescription = "";
				INFOPLIST_KEY_UIApplicationSceneManifest_Generation = YES;
				INFOPLIST_KEY_UIApplicationSupportsIndirectInputEvents = YES;
				INFOPLIST_KEY_UILaunchScreen_Generation = YES;
				INFOPLIST_KEY_UISupportedInterfaceOrientations_iPad = "UIInterfaceOrientationPortrait UIInterfaceOrientationPortraitUpsideDown UIInterfaceOrientationLandscapeLeft UIInterfaceOrientationLandscapeRight";
				INFOPLIST_KEY_UISupportedInterfaceOrientations_iPhone = "UIInterfaceOrientationPortrait UIInterfaceOrientationLandscapeLeft UIInterfaceOrientationLandscapeRight";
				LD_RUNPATH_SEARCH_PATHS = (
					"$(inherited)",
					"@executable_path/Frameworks",
				);
				MARKETING_VERSION = 1.0;
				PRODUCT_BUNDLE_IDENTIFIER = studio.connorwhite.Tidepool;
				PRODUCT_NAME = "$(TARGET_NAME)";
				PROVISIONING_PROFILE_SPECIFIER = "";
				SWIFT_EMIT_LOC_STRINGS = YES;
				SWIFT_VERSION = 5.0;
				TARGETED_DEVICE_FAMILY = "1,2";
			};
			name = Debug;
		};
		74C6347F2E45C15A004E56BF /* Release */ = {
			isa = XCBuildConfiguration;
			buildSettings = {
				ASSETCATALOG_COMPILER_APPICON_NAME = AppIcon;
				ASSETCATALOG_COMPILER_GLOBAL_ACCENT_COLOR_NAME = AccentColor;
				CODE_SIGN_ENTITLEMENTS = Tidepool/Tidepool.entitlements;
				CODE_SIGN_IDENTITY = "Apple Development";
				CODE_SIGN_STYLE = Automatic;
				CURRENT_PROJECT_VERSION = 1;
				DEVELOPMENT_ASSET_PATHS = "\"Tidepool/Preview Content\"";
				DEVELOPMENT_TEAM = 2983W8XW5S;
				ENABLE_PREVIEWS = YES;
				GENERATE_INFOPLIST_FILE = YES;
				INFOPLIST_FILE = Tidepool/Info.plist;
				INFOPLIST_KEY_NSAppleMusicUsageDescription = "";
				INFOPLIST_KEY_NSLocationAlwaysAndWhenInUseUsageDescription = "Tidepool uses location in the background to update presence and heatmaps when you opt in. We never share your precise location.";
				INFOPLIST_KEY_NSLocationWhenInUseUsageDescription = "Tidepool uses your location to show your own approximate presence ring, render nearby interest heatmaps, and help you discover places that match your interests. We never share your precise location.";
				INFOPLIST_KEY_NSPhotoLibraryAddUsageDescription = "Tidepool may save images only for features you explicitly use (like exports). No photos are uploaded without your consent.";
				INFOPLIST_KEY_NSPhotoLibraryUsageDescription = "";
				INFOPLIST_KEY_UIApplicationSceneManifest_Generation = YES;
				INFOPLIST_KEY_UIApplicationSupportsIndirectInputEvents = YES;
				INFOPLIST_KEY_UILaunchScreen_Generation = YES;
				INFOPLIST_KEY_UISupportedInterfaceOrientations_iPad = "UIInterfaceOrientationPortrait UIInterfaceOrientationPortraitUpsideDown UIInterfaceOrientationLandscapeLeft UIInterfaceOrientationLandscapeRight";
				INFOPLIST_KEY_UISupportedInterfaceOrientations_iPhone = "UIInterfaceOrientationPortrait UIInterfaceOrientationLandscapeLeft UIInterfaceOrientationLandscapeRight";
				LD_RUNPATH_SEARCH_PATHS = (
					"$(inherited)",
					"@executable_path/Frameworks",
				);
				MARKETING_VERSION = 1.0;
				PRODUCT_BUNDLE_IDENTIFIER = studio.connorwhite.Tidepool;
				PRODUCT_NAME = "$(TARGET_NAME)";
				PROVISIONING_PROFILE_SPECIFIER = "";
				SWIFT_EMIT_LOC_STRINGS = YES;
				SWIFT_VERSION = 5.0;
				TARGETED_DEVICE_FAMILY = "1,2";
			};
			name = Release;
		};
		74C634802E45C15A004E56BF /* Debug */ = {
			isa = XCBuildConfiguration;
			buildSettings = {
				ALWAYS_SEARCH_USER_PATHS = NO;
				ASSETCATALOG_COMPILER_GENERATE_SWIFT_ASSET_SYMBOL_EXTENSIONS = YES;
				CLANG_ANALYZER_NONNULL = YES;
				CLANG_ANALYZER_NUMBER_OBJECT_CONVERSION = YES_AGGRESSIVE;
				CLANG_CXX_LANGUAGE_STANDARD = "gnu++20";
				CLANG_ENABLE_MODULES = YES;
				CLANG_ENABLE_OBJC_ARC = YES;
				CLANG_ENABLE_OBJC_WEAK = YES;
				CLANG_WARN_BLOCK_CAPTURE_AUTORELEASING = YES;
				CLANG_WARN_BOOL_CONVERSION = YES;
				CLANG_WARN_COMMA = YES;
				CLANG_WARN_CONSTANT_CONVERSION = YES;
				CLANG_WARN_DEPRECATED_OBJC_IMPLEMENTATIONS = YES;
				CLANG_WARN_DIRECT_OBJC_ISA_USAGE = YES_ERROR;
				CLANG_WARN_DOCUMENTATION_COMMENTS = YES;
				CLANG_WARN_EMPTY_BODY = YES;
				CLANG_WARN_ENUM_CONVERSION = YES;
				CLANG_WARN_INFINITE_RECURSION = YES;
				CLANG_WARN_INT_CONVERSION = YES;
				CLANG_WARN_NON_LITERAL_NULL_CONVERSION = YES;
				CLANG_WARN_OBJC_IMPLICIT_RETAIN_SELF = YES;
				CLANG_WARN_OBJC_LITERAL_CONVERSION = YES;
				CLANG_WARN_OBJC_ROOT_CLASS = YES_ERROR;
				CLANG_WARN_QUOTED_INCLUDE_IN_FRAMEWORK_HEADER = YES;
				CLANG_WARN_RANGE_LOOP_ANALYSIS = YES;
				CLANG_WARN_STRICT_PROTOTYPES = YES;
				CLANG_WARN_SUSPICIOUS_MOVE = YES;
				CLANG_WARN_UNGUARDED_AVAILABILITY = YES_AGGRESSIVE;
				CLANG_WARN_UNREACHABLE_CODE = YES;
				CLANG_WARN__DUPLICATE_METHOD_MATCH = YES;
				COPY_PHASE_STRIP = NO;
				DEBUG_INFORMATION_FORMAT = dwarf;
				ENABLE_STRICT_OBJC_MSGSEND = YES;
				ENABLE_TESTABILITY = YES;
				ENABLE_USER_SCRIPT_SANDBOXING = YES;
				GCC_C_LANGUAGE_STANDARD = gnu17;
				GCC_DYNAMIC_NO_PIC = NO;
				GCC_NO_COMMON_BLOCKS = YES;
				GCC_OPTIMIZATION_LEVEL = 0;
				GCC_PREPROCESSOR_DEFINITIONS = (
					"DEBUG=1",
					"$(inherited)",
				);
				GCC_WARN_64_TO_32_BIT_CONVERSION = YES;
				GCC_WARN_ABOUT_RETURN_TYPE = YES_ERROR;
				GCC_WARN_UNDECLARED_SELECTOR = YES;
				GCC_WARN_UNINITIALIZED_AUTOS = YES_AGGRESSIVE;
				GCC_WARN_UNUSED_FUNCTION = YES;
				GCC_WARN_UNUSED_VARIABLE = YES;
				IPHONEOS_DEPLOYMENT_TARGET = 18.2;
				LOCALIZATION_PREFERS_STRING_CATALOGS = YES;
				MTL_ENABLE_DEBUG_INFO = INCLUDE_SOURCE;
				MTL_FAST_MATH = YES;
				ONLY_ACTIVE_ARCH = YES;
				SDKROOT = iphoneos;
				SWIFT_ACTIVE_COMPILATION_CONDITIONS = "DEBUG $(inherited)";
				SWIFT_OPTIMIZATION_LEVEL = "-Onone";
			};
			name = Debug;
		};
		74C634812E45C15A004E56BF /* Release */ = {
			isa = XCBuildConfiguration;
			buildSettings = {
				ALWAYS_SEARCH_USER_PATHS = NO;
				ASSETCATALOG_COMPILER_GENERATE_SWIFT_ASSET_SYMBOL_EXTENSIONS = YES;
				CLANG_ANALYZER_NONNULL = YES;
				CLANG_ANALYZER_NUMBER_OBJECT_CONVERSION = YES_AGGRESSIVE;
				CLANG_CXX_LANGUAGE_STANDARD = "gnu++20";
				CLANG_ENABLE_MODULES = YES;
				CLANG_ENABLE_OBJC_ARC = YES;
				CLANG_ENABLE_OBJC_WEAK = YES;
				CLANG_WARN_BLOCK_CAPTURE_AUTORELEASING = YES;
				CLANG_WARN_BOOL_CONVERSION = YES;
				CLANG_WARN_COMMA = YES;
				CLANG_WARN_CONSTANT_CONVERSION = YES;
				CLANG_WARN_DEPRECATED_OBJC_IMPLEMENTATIONS = YES;
				CLANG_WARN_DIRECT_OBJC_ISA_USAGE = YES_ERROR;
				CLANG_WARN_DOCUMENTATION_COMMENTS = YES;
				CLANG_WARN_EMPTY_BODY = YES;
				CLANG_WARN_ENUM_CONVERSION = YES;
				CLANG_WARN_INFINITE_RECURSION = YES;
				CLANG_WARN_INT_CONVERSION = YES;
				CLANG_WARN_NON_LITERAL_NULL_CONVERSION = YES;
				CLANG_WARN_OBJC_IMPLICIT_RETAIN_SELF = YES;
				CLANG_WARN_OBJC_LITERAL_CONVERSION = YES;
				CLANG_WARN_OBJC_ROOT_CLASS = YES_ERROR;
				CLANG_WARN_QUOTED_INCLUDE_IN_FRAMEWORK_HEADER = YES;
				CLANG_WARN_RANGE_LOOP_ANALYSIS = YES;
				CLANG_WARN_STRICT_PROTOTYPES = YES;
				CLANG_WARN_SUSPICIOUS_MOVE = YES;
				CLANG_WARN_UNGUARDED_AVAILABILITY = YES_AGGRESSIVE;
				CLANG_WARN_UNREACHABLE_CODE = YES;
				CLANG_WARN__DUPLICATE_METHOD_MATCH = YES;
				COPY_PHASE_STRIP = NO;
				DEBUG_INFORMATION_FORMAT = "dwarf-with-dsym";
				ENABLE_NS_ASSERTIONS = NO;
				ENABLE_STRICT_OBJC_MSGSEND = YES;
				ENABLE_USER_SCRIPT_SANDBOXING = YES;
				GCC_C_LANGUAGE_STANDARD = gnu17;
				GCC_NO_COMMON_BLOCKS = YES;
				GCC_WARN_64_TO_32_BIT_CONVERSION = YES;
				GCC_WARN_ABOUT_RETURN_TYPE = YES_ERROR;
				GCC_WARN_UNDECLARED_SELECTOR = YES;
				GCC_WARN_UNINITIALIZED_AUTOS = YES_AGGRESSIVE;
				GCC_WARN_UNUSED_FUNCTION = YES;
				GCC_WARN_UNUSED_VARIABLE = YES;
				IPHONEOS_DEPLOYMENT_TARGET = 18.2;
				LOCALIZATION_PREFERS_STRING_CATALOGS = YES;
				MTL_ENABLE_DEBUG_INFO = NO;
				MTL_FAST_MATH = YES;
				SDKROOT = iphoneos;
				SWIFT_COMPILATION_MODE = wholemodule;
				VALIDATE_PRODUCT = YES;
			};
			name = Release;
		};
		74C634832E45C15A004E56BF /* Debug */ = {
			isa = XCBuildConfiguration;
			buildSettings = {
				BUNDLE_LOADER = "$(TEST_HOST)";
				CODE_SIGN_STYLE = Automatic;
				CURRENT_PROJECT_VERSION = 1;
				DEVELOPMENT_TEAM = 2983W8XW5S;
				GENERATE_INFOPLIST_FILE = YES;
				IPHONEOS_DEPLOYMENT_TARGET = 18.2;
				MARKETING_VERSION = 1.0;
				PRODUCT_BUNDLE_IDENTIFIER = studio.connorwhite.TidepoolTests;
				PRODUCT_NAME = "$(TARGET_NAME)";
				SWIFT_EMIT_LOC_STRINGS = NO;
				SWIFT_VERSION = 5.0;
				TARGETED_DEVICE_FAMILY = "1,2";
				TEST_HOST = "$(BUILT_PRODUCTS_DIR)/Tidepool.app/$(BUNDLE_EXECUTABLE_FOLDER_PATH)/Tidepool";
			};
			name = Debug;
		};
		74C634842E45C15A004E56BF /* Release */ = {
			isa = XCBuildConfiguration;
			buildSettings = {
				BUNDLE_LOADER = "$(TEST_HOST)";
				CODE_SIGN_STYLE = Automatic;
				CURRENT_PROJECT_VERSION = 1;
				DEVELOPMENT_TEAM = 2983W8XW5S;
				GENERATE_INFOPLIST_FILE = YES;
				IPHONEOS_DEPLOYMENT_TARGET = 18.2;
				MARKETING_VERSION = 1.0;
				PRODUCT_BUNDLE_IDENTIFIER = studio.connorwhite.TidepoolTests;
				PRODUCT_NAME = "$(TARGET_NAME)";
				SWIFT_EMIT_LOC_STRINGS = NO;
				SWIFT_VERSION = 5.0;
				TARGETED_DEVICE_FAMILY = "1,2";
				TEST_HOST = "$(BUILT_PRODUCTS_DIR)/Tidepool.app/$(BUNDLE_EXECUTABLE_FOLDER_PATH)/Tidepool";
			};
			name = Release;
		};
		74C634862E45C15A004E56BF /* Debug */ = {
			isa = XCBuildConfiguration;
			buildSettings = {
				CODE_SIGN_STYLE = Automatic;
				CURRENT_PROJECT_VERSION = 1;
				DEVELOPMENT_TEAM = 2983W8XW5S;
				GENERATE_INFOPLIST_FILE = YES;
				MARKETING_VERSION = 1.0;
				PRODUCT_BUNDLE_IDENTIFIER = studio.connorwhite.TidepoolUITests;
				PRODUCT_NAME = "$(TARGET_NAME)";
				SWIFT_EMIT_LOC_STRINGS = NO;
				SWIFT_VERSION = 5.0;
				TARGETED_DEVICE_FAMILY = "1,2";
				TEST_TARGET_NAME = Tidepool;
			};
			name = Debug;
		};
		74C634872E45C15A004E56BF /* Release */ = {
			isa = XCBuildConfiguration;
			buildSettings = {
				CODE_SIGN_STYLE = Automatic;
				CURRENT_PROJECT_VERSION = 1;
				DEVELOPMENT_TEAM = 2983W8XW5S;
				GENERATE_INFOPLIST_FILE = YES;
				MARKETING_VERSION = 1.0;
				PRODUCT_BUNDLE_IDENTIFIER = studio.connorwhite.TidepoolUITests;
				PRODUCT_NAME = "$(TARGET_NAME)";
				SWIFT_EMIT_LOC_STRINGS = NO;
				SWIFT_VERSION = 5.0;
				TARGETED_DEVICE_FAMILY = "1,2";
				TEST_TARGET_NAME = Tidepool;
			};
			name = Release;
		};
/* End XCBuildConfiguration section */

/* Begin XCConfigurationList section */
		74C6344E2E45C157004E56BF /* Build configuration list for PBXProject "Tidepool" */ = {
			isa = XCConfigurationList;
			buildConfigurations = (
				74C634802E45C15A004E56BF /* Debug */,
				74C634812E45C15A004E56BF /* Release */,
			);
			defaultConfigurationIsVisible = 0;
			defaultConfigurationName = Release;
		};
		74C6347D2E45C15A004E56BF /* Build configuration list for PBXNativeTarget "Tidepool" */ = {
			isa = XCConfigurationList;
			buildConfigurations = (
				74C6347E2E45C15A004E56BF /* Debug */,
				74C6347F2E45C15A004E56BF /* Release */,
			);
			defaultConfigurationIsVisible = 0;
			defaultConfigurationName = Release;
		};
		74C634822E45C15A004E56BF /* Build configuration list for PBXNativeTarget "TidepoolTests" */ = {
			isa = XCConfigurationList;
			buildConfigurations = (
				74C634832E45C15A004E56BF /* Debug */,
				74C634842E45C15A004E56BF /* Release */,
			);
			defaultConfigurationIsVisible = 0;
			defaultConfigurationName = Release;
		};
		74C634852E45C15A004E56BF /* Build configuration list for PBXNativeTarget "TidepoolUITests" */ = {
			isa = XCConfigurationList;
			buildConfigurations = (
				74C634862E45C15A004E56BF /* Debug */,
				74C634872E45C15A004E56BF /* Release */,
			);
			defaultConfigurationIsVisible = 0;
			defaultConfigurationName = Release;
		};
/* End XCConfigurationList section */
	};
	rootObject = 74C6344B2E45C157004E56BF /* Project object */;
}
